
Microsoft Visual Studio Solution File, Format Version 12.00
# Visual Studio Version 17
VisualStudioVersion = 17.1.32328.378
MinimumVisualStudioVersion = 10.0.40219.1
Project("{FAE04EC0-301F-11D3-BF4B-00C04F79EFBC}") = "lab2", "lab2\lab2.csproj", "{27AB4D4D-F5F6-46EF-A0D7-94D3BE48E2BA}"
EndProject
Project("{FAE04EC0-301F-11D3-BF4B-00C04F79EFBC}") = "Lab3", "Lab3\Lab3.csproj", "{459F643E-884E-4CFF-A588-9CDBED37E285}"
EndProject
Project("{FAE04EC0-301F-11D3-BF4B-00C04F79EFBC}") = "lab5", "lab5\lab5.csproj", "{BB8FD223-51D8-45D5-8641-CD09AE7BE7AF}"
EndProject
Project("{FAE04EC0-301F-11D3-BF4B-00C04F79EFBC}") = "lab6", "lab6\lab6.csproj", "{C524E795-5230-4EC2-AFCD-03DC5FB15DC3}"
EndProject
Project("{FAE04EC0-301F-11D3-BF4B-00C04F79EFBC}") = "MathTaskClassLibraryTests", "MathTaskClassLibraryTests\MathTaskClassLibraryTests.csproj", "{848F7377-412D-4513-8D44-06FB9C299FAB}"
EndProject
Project("{FAE04EC0-301F-11D3-BF4B-00C04F79EFBC}") = "MathTaskClassLibrary", "MathTaskClassLibrary\MathTaskClassLibrary.csproj", "{266E3421-B36F-4B03-8039-A1972B6226B5}"
EndProject
Global
	GlobalSection(SolutionConfigurationPlatforms) = preSolution
		Debug|Any CPU = Debug|Any CPU
		Release|Any CPU = Release|Any CPU
	EndGlobalSection
	GlobalSection(ProjectConfigurationPlatforms) = postSolution
		{27AB4D4D-F5F6-46EF-A0D7-94D3BE48E2BA}.Debug|Any CPU.ActiveCfg = Debug|Any CPU
		{27AB4D4D-F5F6-46EF-A0D7-94D3BE48E2BA}.Debug|Any CPU.Build.0 = Debug|Any CPU
		{27AB4D4D-F5F6-46EF-A0D7-94D3BE48E2BA}.Release|Any CPU.ActiveCfg = Release|Any CPU
		{27AB4D4D-F5F6-46EF-A0D7-94D3BE48E2BA}.Release|Any CPU.Build.0 = Release|Any CPU
		{459F643E-884E-4CFF-A588-9CDBED37E285}.Debug|Any CPU.ActiveCfg = Debug|Any CPU
		{459F643E-884E-4CFF-A588-9CDBED37E285}.Debug|Any CPU.Build.0 = Debug|Any CPU
		{459F643E-884E-4CFF-A588-9CDBED37E285}.Release|Any CPU.ActiveCfg = Release|Any CPU
		{459F643E-884E-4CFF-A588-9CDBED37E285}.Release|Any CPU.Build.0 = Release|Any CPU
		{BB8FD223-51D8-45D5-8641-CD09AE7BE7AF}.Debug|Any CPU.ActiveCfg = Debug|Any CPU
		{BB8FD223-51D8-45D5-8641-CD09AE7BE7AF}.Debug|Any CPU.Build.0 = Debug|Any CPU
		{BB8FD223-51D8-45D5-8641-CD09AE7BE7AF}.Release|Any CPU.ActiveCfg = Release|Any CPU
		{BB8FD223-51D8-45D5-8641-CD09AE7BE7AF}.Release|Any CPU.Build.0 = Release|Any CPU
		{C524E795-5230-4EC2-AFCD-03DC5FB15DC3}.Debug|Any CPU.ActiveCfg = Debug|Any CPU
		{C524E795-5230-4EC2-AFCD-03DC5FB15DC3}.Debug|Any CPU.Build.0 = Debug|Any CPU
		{C524E795-5230-4EC2-AFCD-03DC5FB15DC3}.Release|Any CPU.ActiveCfg = Release|Any CPU
		{C524E795-5230-4EC2-AFCD-03DC5FB15DC3}.Release|Any CPU.Build.0 = Release|Any CPU
		{848F7377-412D-4513-8D44-06FB9C299FAB}.Debug|Any CPU.ActiveCfg = Debug|Any CPU
		{848F7377-412D-4513-8D44-06FB9C299FAB}.Debug|Any CPU.Build.0 = Debug|Any CPU
		{848F7377-412D-4513-8D44-06FB9C299FAB}.Release|Any CPU.ActiveCfg = Release|Any CPU
		{848F7377-412D-4513-8D44-06FB9C299FAB}.Release|Any CPU.Build.0 = Release|Any CPU
		{266E3421-B36F-4B03-8039-A1972B6226B5}.Debug|Any CPU.ActiveCfg = Debug|Any CPU
		{266E3421-B36F-4B03-8039-A1972B6226B5}.Debug|Any CPU.Build.0 = Debug|Any CPU
		{266E3421-B36F-4B03-8039-A1972B6226B5}.Release|Any CPU.ActiveCfg = Release|Any CPU
		{266E3421-B36F-4B03-8039-A1972B6226B5}.Release|Any CPU.Build.0 = Release|Any CPU
	EndGlobalSection
	GlobalSection(SolutionProperties) = preSolution
		HideSolutionNode = FALSE
	EndGlobalSection
	GlobalSection(ExtensibilityGlobals) = postSolution
		SolutionGuid = {4A6B9A4D-94B7-4F5E-94F1-31FCA5B340CA}
	EndGlobalSection
EndGlobal
